PODS:
  - apptentive-ios (5.2.0)
  - UIAlertController-MZStyle (1.0.0)

DEPENDENCIES:
  - apptentive-ios
  - UIAlertController-MZStyle

SPEC REPOS:
  https://github.com/cocoapods/specs.git:
    - apptentive-ios
    - UIAlertController-MZStyle

SPEC CHECKSUMS:
  apptentive-ios: d2aee87c1fce20ef797752192fe30967b5da5b8f
  UIAlertController-MZStyle: 2659de771525f994c99b8c3be506304a4b080b03

PODFILE CHECKSUM: 0a0d103f91f0031933acac5fac7fc27af7978344

COCOAPODS: 1.6.0.beta.1
