// !$*UTF8*$!
{
	archiveVersion = 1;
	classes = {
	};
	objectVersion = 46;
	objects = {

/* Begin PBXBuildFile section */
		C047A14016A70CF500DCF7F5 /* UIKit.framework in Frameworks */ = {isa = PBXBuildFile; fileRef = C047A13F16A70CF500DCF7F5 /* UIKit.framework */; };
		C047A14216A70CF500DCF7F5 /* Foundation.framework in Frameworks */ = {isa = PBXBuildFile; fileRef = C047A14116A70CF500DCF7F5 /* Foundation.framework */; };
		C047A14416A70CF500DCF7F5 /* CoreGraphics.framework in Frameworks */ = {isa = PBXBuildFile; fileRef = C047A14316A70CF500DCF7F5 /* CoreGraphics.framework */; };
		C047A14A16A70CF500DCF7F5 /* InfoPlist.strings in Resources */ = {isa = PBXBuildFile; fileRef = C047A14816A70CF500DCF7F5 /* InfoPlist.strings */; };
		C047A14C16A70CF500DCF7F5 /* main.m in Sources */ = {isa = PBXBuildFile; fileRef = C047A14B16A70CF500DCF7F5 /* main.m */; };
		C047A15016A70CF500DCF7F5 /* AppDelegate.m in Sources */ = {isa = PBXBuildFile; fileRef = C047A14F16A70CF500DCF7F5 /* AppDelegate.m */; };
		C047A15216A70CF500DCF7F5 /* Default.png in Resources */ = {isa = PBXBuildFile; fileRef = C047A15116A70CF500DCF7F5 /* Default.png */; };
		C047A15416A70CF500DCF7F5 /* Default@2x.png in Resources */ = {isa = PBXBuildFile; fileRef = C047A15316A70CF500DCF7F5 /* Default@2x.png */; };
		C047A15616A70CF500DCF7F5 /* Default-568h@2x.png in Resources */ = {isa = PBXBuildFile; fileRef = C047A15516A70CF500DCF7F5 /* Default-568h@2x.png */; };
		C047A15916A70CF500DCF7F5 /* MainStoryboard_iPhone.storyboard in Resources */ = {isa = PBXBuildFile; fileRef = C047A15716A70CF500DCF7F5 /* MainStoryboard_iPhone.storyboard */; };
		C047A15C16A70CF500DCF7F5 /* MainStoryboard_iPad.storyboard in Resources */ = {isa = PBXBuildFile; fileRef = C047A15A16A70CF500DCF7F5 /* MainStoryboard_iPad.storyboard */; };
		C047A15F16A70CF500DCF7F5 /* ViewController.m in Sources */ = {isa = PBXBuildFile; fileRef = C047A15E16A70CF500DCF7F5 /* ViewController.m */; };
/* End PBXBuildFile section */

/* Begin PBXFileReference section */
		C047A13B16A70CF500DCF7F5 /* SSY.app */ = {isa = PBXFileReference; explicitFileType = wrapper.application; includeInIndex = 0; path = SSY.app; sourceTree = BUILT_PRODUCTS_DIR; };
		C047A13F16A70CF500DCF7F5 /* UIKit.framework */ = {isa = PBXFileReference; lastKnownFileType = wrapper.framework; name = UIKit.framework; path = System/Library/Frameworks/UIKit.framework; sourceTree = SDKROOT; };
		C047A14116A70CF500DCF7F5 /* Foundation.framework */ = {isa = PBXFileReference; lastKnownFileType = wrapper.framework; name = Foundation.framework; path = System/Library/Frameworks/Foundation.framework; sourceTree = SDKROOT; };
		C047A14316A70CF500DCF7F5 /* CoreGraphics.framework */ = {isa = PBXFileReference; lastKnownFileType = wrapper.framework; name = CoreGraphics.framework; path = System/Library/Frameworks/CoreGraphics.framework; sourceTree = SDKROOT; };
		C047A14716A70CF500DCF7F5 /* SSY-Info.plist */ = {isa = PBXFileReference; lastKnownFileType = text.plist.xml; path = "SSY-Info.plist"; sourceTree = "<group>"; };
		C047A14916A70CF500DCF7F5 /* en */ = {isa = PBXFileReference; lastKnownFileType = text.plist.strings; name = en; path = en.lproj/InfoPlist.strings; sourceTree = "<group>"; };
		C047A14B16A70CF500DCF7F5 /* main.m */ = {isa = PBXFileReference; lastKnownFileType = sourcecode.c.objc; path = main.m; sourceTree = "<group>"; };
		C047A14D16A70CF500DCF7F5 /* SSY-Prefix.pch */ = {isa = PBXFileReference; lastKnownFileType = sourcecode.c.h; path = "SSY-Prefix.pch"; sourceTree = "<group>"; };
		C047A14E16A70CF500DCF7F5 /* AppDelegate.h */ = {isa = PBXFileReference; lastKnownFileType = sourcecode.c.h; path = AppDelegate.h; sourceTree = "<group>"; };
		C047A14F16A70CF500DCF7F5 /* AppDelegate.m */ = {isa = PBXFileReference; lastKnownFileType = sourcecode.c.objc; path = AppDelegate.m; sourceTree = "<group>"; };
		C047A15116A70CF500DCF7F5 /* Default.png */ = {isa = PBXFileReference; lastKnownFileType = image.png; path = Default.png; sourceTree = "<group>"; };
		C047A15316A70CF500DCF7F5 /* Default@2x.png */ = {isa = PBXFileReference; lastKnownFileType = image.png; path = "Default@2x.png"; sourceTree = "<group>"; };
		C047A15516A70CF500DCF7F5 /* Default-568h@2x.png */ = {isa = PBXFileReference; lastKnownFileType = image.png; path = "Default-568h@2x.png"; sourceTree = "<group>"; };
		C047A15816A70CF500DCF7F5 /* en */ = {isa = PBXFileReference; lastKnownFileType = file.storyboard; name = en; path = en.lproj/MainStoryboard_iPhone.storyboard; sourceTree = "<group>"; };
		C047A15B16A70CF500DCF7F5 /* en */ = {isa = PBXFileReference; lastKnownFileType = file.storyboard; name = en; path = en.lproj/MainStoryboard_iPad.storyboard; sourceTree = "<group>"; };
		C047A15D16A70CF500DCF7F5 /* ViewController.h */ = {isa = PBXFileReference; lastKnownFileType = sourcecode.c.h; path = ViewController.h; sourceTree = "<group>"; };
		C047A15E16A70CF500DCF7F5 /* ViewController.m */ = {isa = PBXFileReference; lastKnownFileType = sourcecode.c.objc; path = ViewController.m; sourceTree = "<group>"; };
/* End PBXFileReference section */

/* Begin PBXFrameworksBuildPhase section */
		C047A13816A70CF500DCF7F5 /* Frameworks */ = {
			isa = PBXFrameworksBuildPhase;
			buildActionMask = 2147483647;
			files = (
				C047A14016A70CF500DCF7F5 /* UIKit.framework in Frameworks */,
				C047A14216A70CF500DCF7F5 /* Foundation.framework in Frameworks */,
				C047A14416A70CF500DCF7F5 /* CoreGraphics.framework in Frameworks */,
			);
			runOnlyForDeploymentPostprocessing = 0;
		};
/* End PBXFrameworksBuildPhase section */

/* Begin PBXGroup section */
		C047A13016A70CF400DCF7F5 = {
			isa = PBXGroup;
			children = (
				C047A14516A70CF500DCF7F5 /* SSY */,
				C047A13E16A70CF500DCF7F5 /* Frameworks */,
				C047A13C16A70CF500DCF7F5 /* Products */,
			);
			sourceTree = "<group>";
		};
		C047A13C16A70CF500DCF7F5 /* Products */ = {
			isa = PBXGroup;
			children = (
				C047A13B16A70CF500DCF7F5 /* SSY.app */,
			);
			name = Products;
			sourceTree = "<group>";
		};
		C047A13E16A70CF500DCF7F5 /* Frameworks */ = {
			isa = PBXGroup;
			children = (
				C047A13F16A70CF500DCF7F5 /* UIKit.framework */,
				C047A14116A70CF500DCF7F5 /* Foundation.framework */,
				C047A14316A70CF500DCF7F5 /* CoreGraphics.framework */,
			);
			name = Frameworks;
			sourceTree = "<group>";
		};
		C047A14516A70CF500DCF7F5 /* SSY */ = {
			isa = PBXGroup;
			children = (
				C047A14E16A70CF500DCF7F5 /* AppDelegate.h */,
				C047A14F16A70CF500DCF7F5 /* AppDelegate.m */,
				C047A15716A70CF500DCF7F5 /* MainStoryboard_iPhone.storyboard */,
				C047A15A16A70CF500DCF7F5 /* MainStoryboard_iPad.storyboard */,
				C047A15D16A70CF500DCF7F5 /* ViewController.h */,
				C047A15E16A70CF500DCF7F5 /* ViewController.m */,
				C047A14616A70CF500DCF7F5 /* Supporting Files */,
			);
			path = SSY;
			sourceTree = "<group>";
		};
		C047A14616A70CF500DCF7F5 /* Supporting Files */ = {
			isa = PBXGroup;
			children = (
				C047A14716A70CF500DCF7F5 /* SSY-Info.plist */,
				C047A14816A70CF500DCF7F5 /* InfoPlist.strings */,
				C047A14B16A70CF500DCF7F5 /* main.m */,
				C047A14D16A70CF500DCF7F5 /* SSY-Prefix.pch */,
				C047A15116A70CF500DCF7F5 /* Default.png */,
				C047A15316A70CF500DCF7F5 /* Default@2x.png */,
				C047A15516A70CF500DCF7F5 /* Default-568h@2x.png */,
			);
			name = "Supporting Files";
			sourceTree = "<group>";
		};
/* End PBXGroup section */

/* Begin PBXNativeTarget section */
		C047A13A16A70CF500DCF7F5 /* SSY */ = {
			isa = PBXNativeTarget;
			buildConfigurationList = C047A16216A70CF500DCF7F5 /* Build configuration list for PBXNativeTarget "SSY" */;
			buildPhases = (
				C047A13716A70CF500DCF7F5 /* Sources */,
				C047A13816A70CF500DCF7F5 /* Frameworks */,
				C047A13916A70CF500DCF7F5 /* Resources */,
			);
			buildRules = (
			);
			dependencies = (
			);
			name = SSY;
			productName = SSY;
			productReference = C047A13B16A70CF500DCF7F5 /* SSY.app */;
			productType = "com.apple.product-type.application";
		};
/* End PBXNativeTarget section */

/* Begin PBXProject section */
		C047A13216A70CF400DCF7F5 /* Project object */ = {
			isa = PBXProject;
			attributes = {
				LastUpgradeCheck = 0450;
				ORGANIZATIONNAME = "SnapApps LLC";
			};
			buildConfigurationList = C047A13516A70CF400DCF7F5 /* Build configuration list for PBXProject "SSY" */;
			compatibilityVersion = "Xcode 3.2";
			developmentRegion = English;
			hasScannedForEncodings = 0;
			knownRegions = (
				en,
			);
			mainGroup = C047A13016A70CF400DCF7F5;
			productRefGroup = C047A13C16A70CF500DCF7F5 /* Products */;
			projectDirPath = "";
			projectRoot = "";
			targets = (
				C047A13A16A70CF500DCF7F5 /* SSY */,
			);
		};
/* End PBXProject section */

/* Begin PBXResourcesBuildPhase section */
		C047A13916A70CF500DCF7F5 /* Resources */ = {
			isa = PBXResourcesBuildPhase;
			buildActionMask = 2147483647;
			files = (
				C047A14A16A70CF500DCF7F5 /* InfoPlist.strings in Resources */,
				C047A15216A70CF500DCF7F5 /* Default.png in Resources */,
				C047A15416A70CF500DCF7F5 /* Default@2x.png in Resources */,
				C047A15616A70CF500DCF7F5 /* Default-568h@2x.png in Resources */,
				C047A15916A70CF500DCF7F5 /* MainStoryboard_iPhone.storyboard in Resources */,
				C047A15C16A70CF500DCF7F5 /* MainStoryboard_iPad.storyboard in Resources */,
			);
			runOnlyForDeploymentPostprocessing = 0;
		};
/* End PBXResourcesBuildPhase section */

/* Begin PBXSourcesBuildPhase section */
		C047A13716A70CF500DCF7F5 /* Sources */ = {
			isa = PBXSourcesBuildPhase;
			buildActionMask = 2147483647;
			files = (
				C047A14C16A70CF500DCF7F5 /* main.m in Sources */,
				C047A15016A70CF500DCF7F5 /* AppDelegate.m in Sources */,
				C047A15F16A70CF500DCF7F5 /* ViewController.m in Sources */,
			);
			runOnlyForDeploymentPostprocessing = 0;
		};
/* End PBXSourcesBuildPhase section */

/* Begin PBXVariantGroup section */
		C047A14816A70CF500DCF7F5 /* InfoPlist.strings */ = {
			isa = PBXVariantGroup;
			children = (
				C047A14916A70CF500DCF7F5 /* en */,
			);
			name = InfoPlist.strings;
			sourceTree = "<group>";
		};
		C047A15716A70CF500DCF7F5 /* MainStoryboard_iPhone.storyboard */ = {
			isa = PBXVariantGroup;
			children = (
				C047A15816A70CF500DCF7F5 /* en */,
			);
			name = MainStoryboard_iPhone.storyboard;
			sourceTree = "<group>";
		};
		C047A15A16A70CF500DCF7F5 /* MainStoryboard_iPad.storyboard */ = {
			isa = PBXVariantGroup;
			children = (
				C047A15B16A70CF500DCF7F5 /* en */,
			);
			name = MainStoryboard_iPad.storyboard;
			sourceTree = "<group>";
		};
/* End PBXVariantGroup section */

/* Begin XCBuildConfiguration section */
		C047A16016A70CF500DCF7F5 /* Debug */ = {
			isa = XCBuildConfiguration;
			buildSettings = {
				ALWAYS_SEARCH_USER_PATHS = NO;
				CLANG_CXX_LANGUAGE_STANDARD = "gnu++0x";
				CLANG_CXX_LIBRARY = "libc++";
				CLANG_ENABLE_OBJC_ARC = YES;
				CLANG_WARN_EMPTY_BODY = YES;
				CLANG_WARN__DUPLICATE_METHOD_MATCH = YES;
				"CODE_SIGN_IDENTITY[sdk=iphoneos*]" = "iPhone Developer";
				COPY_PHASE_STRIP = NO;
				GCC_C_LANGUAGE_STANDARD = gnu99;
				GCC_DYNAMIC_NO_PIC = NO;
				GCC_OPTIMIZATION_LEVEL = 0;
				GCC_PREPROCESSOR_DEFINITIONS = (
					"DEBUG=1",
					"$(inherited)",
				);
				GCC_SYMBOLS_PRIVATE_EXTERN = NO;
				GCC_WARN_ABOUT_RETURN_TYPE = YES;
				GCC_WARN_UNINITIALIZED_AUTOS = YES;
				GCC_WARN_UNUSED_VARIABLE = YES;
				IPHONEOS_DEPLOYMENT_TARGET = 6.0;
				ONLY_ACTIVE_ARCH = YES;
				SDKROOT = iphoneos;
				TARGETED_DEVICE_FAMILY = "1,2";
			};
			name = Debug;
		};
		C047A16116A70CF500DCF7F5 /* Release */ = {
			isa = XCBuildConfiguration;
			buildSettings = {
				ALWAYS_SEARCH_USER_PATHS = NO;
				CLANG_CXX_LANGUAGE_STANDARD = "gnu++0x";
				CLANG_CXX_LIBRARY = "libc++";
				CLANG_ENABLE_OBJC_ARC = YES;
				CLANG_WARN_EMPTY_BODY = YES;
				CLANG_WARN__DUPLICATE_METHOD_MATCH = YES;
				"CODE_SIGN_IDENTITY[sdk=iphoneos*]" = "iPhone Developer";
				COPY_PHASE_STRIP = YES;
				GCC_C_LANGUAGE_STANDARD = gnu99;
				GCC_WARN_ABOUT_RETURN_TYPE = YES;
				GCC_WARN_UNINITIALIZED_AUTOS = YES;
				GCC_WARN_UNUSED_VARIABLE = YES;
				IPHONEOS_DEPLOYMENT_TARGET = 6.0;
				OTHER_CFLAGS = "-DNS_BLOCK_ASSERTIONS=1";
				SDKROOT = iphoneos;
				TARGETED_DEVICE_FAMILY = "1,2";
				VALIDATE_PRODUCT = YES;
			};
			name = Release;
		};
		C047A16316A70CF500DCF7F5 /* Debug */ = {
			isa = XCBuildConfiguration;
			buildSettings = {
				GCC_PRECOMPILE_PREFIX_HEADER = YES;
				GCC_PREFIX_HEADER = "SSY/SSY-Prefix.pch";
				INFOPLIST_FILE = "SSY/SSY-Info.plist";
				PRODUCT_NAME = "$(TARGET_NAME)";
				WRAPPER_EXTENSION = app;
			};
			name = Debug;
		};
		C047A16416A70CF500DCF7F5 /* Release */ = {
			isa = XCBuildConfiguration;
			buildSettings = {
				GCC_PRECOMPILE_PREFIX_HEADER = YES;
				GCC_PREFIX_HEADER = "SSY/SSY-Prefix.pch";
				INFOPLIST_FILE = "SSY/SSY-Info.plist";
				PRODUCT_NAME = "$(TARGET_NAME)";
				WRAPPER_EXTENSION = app;
			};
			name = Release;
		};
/* End XCBuildConfiguration section */

/* Begin XCConfigurationList section */
		C047A13516A70CF400DCF7F5 /* Build configuration list for PBXProject "SSY" */ = {
			isa = XCConfigurationList;
			buildConfigurations = (
				C047A16016A70CF500DCF7F5 /* Debug */,
				C047A16116A70CF500DCF7F5 /* Release */,
			);
			defaultConfigurationIsVisible = 0;
			defaultConfigurationName = Release;
		};
		C047A16216A70CF500DCF7F5 /* Build configuration list for PBXNativeTarget "SSY" */ = {
			isa = XCConfigurationList;
			buildConfigurations = (
				C047A16316A70CF500DCF7F5 /* Debug */,
				C047A16416A70CF500DCF7F5 /* Release */,
			);
			defaultConfigurationIsVisible = 0;
		};
/* End XCConfigurationList section */
	};
	rootObject = C047A13216A70CF400DCF7F5 /* Project object */;
}
